Microsoft Visual Studio Solution File, Format Version 11.00
# Visual Studio 2008

Project("{AF2B4817-A5AE-A154-A208-CF9471FF90E9}") = "Poko", "Assembly-CSharp-vs.csproj", "{4CFA5C77-6815-1FBE-83D3-E15617866131}"
EndProject
Project("{AF2B4817-A5AE-A154-A208-CF9471FF90E9}") = "Poko", "Assembly-CSharp-Editor-vs.csproj", "{EECED417-18D8-1F96-C3BA-17266EA9CB51}"
EndProject
Global
	GlobalSection(SolutionConfigurationPlatforms) = preSolution
		Debug|Any CPU = Debug|Any CPU
		Release|Any CPU = Release|Any CPU
	EndGlobalSection
	GlobalSection(ProjectConfigurationPlatforms) = postSolution
		{4CFA5C77-6815-1FBE-83D3-E15617866131}.Debug|Any CPU.ActiveCfg = Debug|Any CPU
		{4CFA5C77-6815-1FBE-83D3-E15617866131}.Debug|Any CPU.Build.0 = Debug|Any CPU
		{4CFA5C77-6815-1FBE-83D3-E15617866131}.Release|Any CPU.ActiveCfg = Release|Any CPU
		{4CFA5C77-6815-1FBE-83D3-E15617866131}.Release|Any CPU.Build.0 = Release|Any CPU
		{EECED417-18D8-1F96-C3BA-17266EA9CB51}.Debug|Any CPU.ActiveCfg = Debug|Any CPU
		{EECED417-18D8-1F96-C3BA-17266EA9CB51}.Debug|Any CPU.Build.0 = Debug|Any CPU
		{EECED417-18D8-1F96-C3BA-17266EA9CB51}.Release|Any CPU.ActiveCfg = Release|Any CPU
		{EECED417-18D8-1F96-C3BA-17266EA9CB51}.Release|Any CPU.Build.0 = Release|Any CPU
	EndGlobalSection
	GlobalSection(SolutionProperties) = preSolution
		HideSolutionNode = FALSE
	EndGlobalSection
																																																																					GlobalSection(MonoDevelopProperties) = preSolution
		StartupItem = Assembly-CSharp.csproj
		Policies = $0
		$0.TextStylePolicy = $1
		$1.inheritsSet = null
		$1.scope = text/x-csharp
		$0.CSharpFormattingPolicy = $2
		$2.inheritsSet = Mono
		$2.inheritsScope = text/x-csharp
		$2.scope = text/x-csharp
		$0.TextStylePolicy = $3
		$3.FileWidth = 120
		$3.TabWidth = 4
		$3.EolMarker = Unix
		$3.inheritsSet = Mono
		$3.inheritsScope = text/plain
		$3.scope = text/plain
	EndGlobalSection

EndGlobal
